
Microsoft Visual Studio Solution File, Format Version 12.00
# Visual Studio Version 16
VisualStudioVersion = 16.0.33214.272
MinimumVisualStudioVersion = 10.0.40219.1
Project("{FAE04EC0-301F-11D3-BF4B-00C04F79EFBC}") = "Storegpt", "Storegpt.csproj", "{0C0AB571-B88B-474B-8B8D-C4FD82C839AD}"
EndProject
Global
	GlobalSection(SolutionConfigurationPlatforms) = preSolution
		Debug|Any CPU = Debug|Any CPU
		Release|Any CPU = Release|Any CPU
	EndGlobalSection
	GlobalSection(ProjectConfigurationPlatforms) = postSolution
		{0C0AB571-B88B-474B-8B8D-C4FD82C839AD}.Debug|Any CPU.ActiveCfg = Debug|Any CPU
		{0C0AB571-B88B-474B-8B8D-C4FD82C839AD}.Debug|Any CPU.Build.0 = Debug|Any CPU
		{0C0AB571-B88B-474B-8B8D-C4FD82C839AD}.Release|Any CPU.ActiveCfg = Release|Any CPU
		{0C0AB571-B88B-474B-8B8D-C4FD82C839AD}.Release|Any CPU.Build.0 = Release|Any CPU
	EndGlobalSection
	GlobalSection(SolutionProperties) = preSolution
		HideSolutionNode = FALSE
	EndGlobalSection
	GlobalSection(ExtensibilityGlobals) = postSolution
		SolutionGuid = {E1D33E15-751A-468E-888B-9361B04A57B1}
	EndGlobalSection
EndGlobal
